{
  "name": "patchable-vuln",
  "version": "1.0.0",
  "lockfileVersion": 1,
  "requires": true,
  "dependencies": {
    "qs": {
      "version": "6.2.4",
      "resolved": "https://registry.npmjs.org/qs/-/qs-6.2.4.tgz",
      "integrity": "sha512-E57gmgKXqDda+qWTkUJgIwgJICK7zgMfqZZopTRKZ6mY9gzLlmJN9EpXNnDrTxXFlOM/a+I28kJkF/60rqgnYw=="
    }
  }
}
